
Microsoft Visual Studio Solution File, Format Version 12.00
# Visual Studio Version 17
VisualStudioVersion = 17.11.35312.102
MinimumVisualStudioVersion = 10.0.40219.1
Project("{FAE04EC0-301F-11D3-BF4B-00C04F79EFBC}") = "MyPointOfSale.WinFormApp", "MyPointOfSale\MyPointOfSale.WinFormApp.csproj", "{B8E357F7-FA56-4E2F-9F53-40B2FA44E3A6}"
EndProject
Project("{FAE04EC0-301F-11D3-BF4B-00C04F79EFBC}") = "MyPointOfSale.Models", "MyPointOfSale.Models\MyPointOfSale.Models.csproj", "{BD7959FC-9F96-470A-8179-2BC0A5AECDA0}"
EndProject
Project("{FAE04EC0-301F-11D3-BF4B-00C04F79EFBC}") = "MyPointOfSale.DataAccessSQLServer", "MyPointOfSale.DataAccessSQLServer\MyPointOfSale.DataAccessSQLServer.csproj", "{1D89F77F-BDDE-49D8-8510-B86E871B8539}"
EndProject
Global
	GlobalSection(SolutionConfigurationPlatforms) = preSolution
		Debug|Any CPU = Debug|Any CPU
		Release|Any CPU = Release|Any CPU
	EndGlobalSection
	GlobalSection(ProjectConfigurationPlatforms) = postSolution
		{B8E357F7-FA56-4E2F-9F53-40B2FA44E3A6}.Debug|Any CPU.ActiveCfg = Debug|Any CPU
		{B8E357F7-FA56-4E2F-9F53-40B2FA44E3A6}.Debug|Any CPU.Build.0 = Debug|Any CPU
		{B8E357F7-FA56-4E2F-9F53-40B2FA44E3A6}.Release|Any CPU.ActiveCfg = Release|Any CPU
		{B8E357F7-FA56-4E2F-9F53-40B2FA44E3A6}.Release|Any CPU.Build.0 = Release|Any CPU
		{BD7959FC-9F96-470A-8179-2BC0A5AECDA0}.Debug|Any CPU.ActiveCfg = Debug|Any CPU
		{BD7959FC-9F96-470A-8179-2BC0A5AECDA0}.Debug|Any CPU.Build.0 = Debug|Any CPU
		{BD7959FC-9F96-470A-8179-2BC0A5AECDA0}.Release|Any CPU.ActiveCfg = Release|Any CPU
		{BD7959FC-9F96-470A-8179-2BC0A5AECDA0}.Release|Any CPU.Build.0 = Release|Any CPU
		{1D89F77F-BDDE-49D8-8510-B86E871B8539}.Debug|Any CPU.ActiveCfg = Debug|Any CPU
		{1D89F77F-BDDE-49D8-8510-B86E871B8539}.Debug|Any CPU.Build.0 = Debug|Any CPU
		{1D89F77F-BDDE-49D8-8510-B86E871B8539}.Release|Any CPU.ActiveCfg = Release|Any CPU
		{1D89F77F-BDDE-49D8-8510-B86E871B8539}.Release|Any CPU.Build.0 = Release|Any CPU
	EndGlobalSection
	GlobalSection(SolutionProperties) = preSolution
		HideSolutionNode = FALSE
	EndGlobalSection
	GlobalSection(ExtensibilityGlobals) = postSolution
		SolutionGuid = {FB2945A3-2DA8-4872-B3FF-519D4FF09034}
	EndGlobalSection
EndGlobal
